
Microsoft Visual Studio Solution File, Format Version 12.00
# Visual Studio Version 16
VisualStudioVersion = 16.0.29201.188
MinimumVisualStudioVersion = 10.0.40219.1
Project("{9A19103F-16F7-4668-BE54-9A1E7A4F7556}") = "Harry.Extensions.Logging.NLog", "Harry.Extensions.Logging.NLog\Harry.Extensions.Logging.NLog.csproj", "{1B76B2E7-1898-4846-81C1-2E3D288171E1}"
EndProject
Project("{9A19103F-16F7-4668-BE54-9A1E7A4F7556}") = "Harry.Extensions.Logging", "Harry.Extensions.Logging\Harry.Extensions.Logging.csproj", "{35EFEADC-4D86-48E4-9A87-B94C08CF1FA8}"
EndProject
Project("{9A19103F-16F7-4668-BE54-9A1E7A4F7556}") = "Harry.Extensions.Logging.OrchardCore", "Harry.Extensions.Logging.OrchardCore\Harry.Extensions.Logging.OrchardCore.csproj", "{ED42935F-1099-40DD-A7B2-1CADCBFB9809}"
EndProject
Project("{FAE04EC0-301F-11D3-BF4B-00C04F79EFBC}") = "Harry.Extensions.Logging.Exceptionless", "Harry.Extensions.Logging.Exceptionless\Harry.Extensions.Logging.Exceptionless.csproj", "{972D189E-B39E-423C-B807-E347ECCB9122}"
EndProject
Global
	GlobalSection(SolutionConfigurationPlatforms) = preSolution
		Debug|Any CPU = Debug|Any CPU
		Release|Any CPU = Release|Any CPU
	EndGlobalSection
	GlobalSection(ProjectConfigurationPlatforms) = postSolution
		{1B76B2E7-1898-4846-81C1-2E3D288171E1}.Debug|Any CPU.ActiveCfg = Debug|Any CPU
		{1B76B2E7-1898-4846-81C1-2E3D288171E1}.Debug|Any CPU.Build.0 = Debug|Any CPU
		{1B76B2E7-1898-4846-81C1-2E3D288171E1}.Release|Any CPU.ActiveCfg = Release|Any CPU
		{1B76B2E7-1898-4846-81C1-2E3D288171E1}.Release|Any CPU.Build.0 = Release|Any CPU
		{35EFEADC-4D86-48E4-9A87-B94C08CF1FA8}.Debug|Any CPU.ActiveCfg = Debug|Any CPU
		{35EFEADC-4D86-48E4-9A87-B94C08CF1FA8}.Debug|Any CPU.Build.0 = Debug|Any CPU
		{35EFEADC-4D86-48E4-9A87-B94C08CF1FA8}.Release|Any CPU.ActiveCfg = Release|Any CPU
		{35EFEADC-4D86-48E4-9A87-B94C08CF1FA8}.Release|Any CPU.Build.0 = Release|Any CPU
		{ED42935F-1099-40DD-A7B2-1CADCBFB9809}.Debug|Any CPU.ActiveCfg = Debug|Any CPU
		{ED42935F-1099-40DD-A7B2-1CADCBFB9809}.Debug|Any CPU.Build.0 = Debug|Any CPU
		{ED42935F-1099-40DD-A7B2-1CADCBFB9809}.Release|Any CPU.ActiveCfg = Release|Any CPU
		{ED42935F-1099-40DD-A7B2-1CADCBFB9809}.Release|Any CPU.Build.0 = Release|Any CPU
		{972D189E-B39E-423C-B807-E347ECCB9122}.Debug|Any CPU.ActiveCfg = Debug|Any CPU
		{972D189E-B39E-423C-B807-E347ECCB9122}.Debug|Any CPU.Build.0 = Debug|Any CPU
		{972D189E-B39E-423C-B807-E347ECCB9122}.Release|Any CPU.ActiveCfg = Release|Any CPU
		{972D189E-B39E-423C-B807-E347ECCB9122}.Release|Any CPU.Build.0 = Release|Any CPU
	EndGlobalSection
	GlobalSection(SolutionProperties) = preSolution
		HideSolutionNode = FALSE
	EndGlobalSection
	GlobalSection(ExtensibilityGlobals) = postSolution
		SolutionGuid = {7FB00F7A-CCEA-4599-8DB3-54A34EDB290F}
	EndGlobalSection
EndGlobal
